
Microsoft Visual Studio Solution File, Format Version 12.00
# Visual Studio Express 2012 for Windows 8
Project("{262852C6-CD72-467D-83FE-5EEB1973A190}") = "win-2ch-matome-reader", "win-2ch-matome-reader\win-2ch-matome-reader.jsproj", "{200E5005-28F0-4512-AF55-1869D46E0579}"
EndProject
Global
	GlobalSection(SolutionConfigurationPlatforms) = preSolution
		Debug|Any CPU = Debug|Any CPU
		Debug|ARM = Debug|ARM
		Debug|x64 = Debug|x64
		Debug|x86 = Debug|x86
		Release|Any CPU = Release|Any CPU
		Release|ARM = Release|ARM
		Release|x64 = Release|x64
		Release|x86 = Release|x86
	EndGlobalSection
	GlobalSection(ProjectConfigurationPlatforms) = postSolution
		{200E5005-28F0-4512-AF55-1869D46E0579}.Debug|Any CPU.ActiveCfg = Debug|Any CPU
		{200E5005-28F0-4512-AF55-1869D46E0579}.Debug|Any CPU.Build.0 = Debug|Any CPU
		{200E5005-28F0-4512-AF55-1869D46E0579}.Debug|Any CPU.Deploy.0 = Debug|Any CPU
		{200E5005-28F0-4512-AF55-1869D46E0579}.Debug|ARM.ActiveCfg = Debug|ARM
		{200E5005-28F0-4512-AF55-1869D46E0579}.Debug|ARM.Build.0 = Debug|ARM
		{200E5005-28F0-4512-AF55-1869D46E0579}.Debug|ARM.Deploy.0 = Debug|ARM
		{200E5005-28F0-4512-AF55-1869D46E0579}.Debug|x64.ActiveCfg = Debug|x64
		{200E5005-28F0-4512-AF55-1869D46E0579}.Debug|x64.Build.0 = Debug|x64
		{200E5005-28F0-4512-AF55-1869D46E0579}.Debug|x64.Deploy.0 = Debug|x64
		{200E5005-28F0-4512-AF55-1869D46E0579}.Debug|x86.ActiveCfg = Debug|x86
		{200E5005-28F0-4512-AF55-1869D46E0579}.Debug|x86.Build.0 = Debug|x86
		{200E5005-28F0-4512-AF55-1869D46E0579}.Debug|x86.Deploy.0 = Debug|x86
		{200E5005-28F0-4512-AF55-1869D46E0579}.Release|Any CPU.ActiveCfg = Release|Any CPU
		{200E5005-28F0-4512-AF55-1869D46E0579}.Release|Any CPU.Build.0 = Release|Any CPU
		{200E5005-28F0-4512-AF55-1869D46E0579}.Release|Any CPU.Deploy.0 = Release|Any CPU
		{200E5005-28F0-4512-AF55-1869D46E0579}.Release|ARM.ActiveCfg = Release|ARM
		{200E5005-28F0-4512-AF55-1869D46E0579}.Release|ARM.Build.0 = Release|ARM
		{200E5005-28F0-4512-AF55-1869D46E0579}.Release|ARM.Deploy.0 = Release|ARM
		{200E5005-28F0-4512-AF55-1869D46E0579}.Release|x64.ActiveCfg = Release|x64
		{200E5005-28F0-4512-AF55-1869D46E0579}.Release|x64.Build.0 = Release|x64
		{200E5005-28F0-4512-AF55-1869D46E0579}.Release|x64.Deploy.0 = Release|x64
		{200E5005-28F0-4512-AF55-1869D46E0579}.Release|x86.ActiveCfg = Release|x86
		{200E5005-28F0-4512-AF55-1869D46E0579}.Release|x86.Build.0 = Release|x86
		{200E5005-28F0-4512-AF55-1869D46E0579}.Release|x86.Deploy.0 = Release|x86
	EndGlobalSection
	GlobalSection(SolutionProperties) = preSolution
		HideSolutionNode = FALSE
	EndGlobalSection
EndGlobal
